Microsoft Visual Studio Solution File, Format Version 12.00
# Visual Studio Version 16
VisualStudioVersion = 16.0.29411.108
MinimumVisualStudioVersion = 10.0.40219.1
Project("{9A19103F-16F7-4668-BE54-9A1E7A4F7556}") = "DayPrinter", "DayPrinter\DayPrinter.csproj", "{B3E76AAA-3BE8-49C7-A831-64EF68C6F28D}"
EndProject
Project("{9A19103F-16F7-4668-BE54-9A1E7A4F7556}") = "ElseIf", "ElseIf\ElseIf.csproj", "{C7008ACC-EE4B-49CC-B7FB-5F9F95E257A9}"
EndProject
Project("{9A19103F-16F7-4668-BE54-9A1E7A4F7556}") = "TempConv", "TempConv\TempConv.csproj", "{6D18F93D-E26F-4FF4-ABF2-1450FD9FB19D}"
EndProject
Project("{9A19103F-16F7-4668-BE54-9A1E7A4F7556}") = "HelloMethods", "HelloMethods\HelloMethods.csproj", "{9B69E0D2-FBD5-4FB4-9D40-768AE4F57300}"
EndProject
Project("{9A19103F-16F7-4668-BE54-9A1E7A4F7556}") = "Gradebook", "Gradebook\Gradebook.csproj", "{9E08496B-2501-4CBF-844F-8FD7BA97F4E6}"
EndProject
Project("{9A19103F-16F7-4668-BE54-9A1E7A4F7556}") = "GradebookDict", "GradebookDict\GradebookDict.csproj", "{EFCB1B91-2E92-478F-BFF7-013FF6911DCC}"
EndProject
Project("{9A19103F-16F7-4668-BE54-9A1E7A4F7556}") = "GradebookArray", "GradebookArray\GradebookArray.csproj", "{89051A0E-8D18-48C3-B4E6-D05F62D252CE}"
EndProject
Project("{9A19103F-16F7-4668-BE54-9A1E7A4F7556}") = "HelloWorld", "HelloWorld\HelloWorld.csproj", "{C965AA70-0384-4528-BEE5-DDE6283431A2}"
EndProject
Project("{9A19103F-16F7-4668-BE54-9A1E7A4F7556}") = "Decisions", "Decisions\Decisions.csproj", "{CA9FED8F-6031-4020-ACD8-2965366B2421}"
EndProject
Project("{9A19103F-16F7-4668-BE54-9A1E7A4F7556}") = "AreaofRectangle", "AreaofRectangle\AreaofRectangle.csproj", "{4D104103-A777-4CF3-A1BF-384798999814}"
EndProject
Project("{9A19103F-16F7-4668-BE54-9A1E7A4F7556}") = "MilesDriven", "MilesDriven\MilesDriven.csproj", "{998094BC-D414-43DE-BF6D-1D8A6CDADE63}"
EndProject
Project("{9A19103F-16F7-4668-BE54-9A1E7A4F7556}") = "Area", "Area\Area.csproj", "{9277903C-7FDC-4F14-A7D6-5D3E1A346272}"
EndProject
Project("{9A19103F-16F7-4668-BE54-9A1E7A4F7556}") = "CountingCharacters", "CountingCharacters\CountingCharacters.csproj", "{FFB01D8D-F482-489A-9264-A59A60E51EB3}"
EndProject
Project("{9A19103F-16F7-4668-BE54-9A1E7A4F7556}") = "Restaurant", "Restaurant\Restaurant.csproj", "{4CDD0445-EB0C-4E69-A79A-F83140174276}"
EndProject
Project("{FAE04EC0-301F-11D3-BF4B-00C04F79EFBC}") = "QuizTime", "QuizTime\QuizTime.csproj", "{C67A42DF-8D24-4BEA-8AA8-8DB40D26FEA0}"
EndProject
Global
	GlobalSection(SolutionConfigurationPlatforms) = preSolution
		Debug|Any CPU = Debug|Any CPU
		Release|Any CPU = Release|Any CPU
	EndGlobalSection
	GlobalSection(ProjectConfigurationPlatforms) = postSolution
		{B3E76AAA-3BE8-49C7-A831-64EF68C6F28D}.Debug|Any CPU.ActiveCfg = Debug|Any CPU
		{B3E76AAA-3BE8-49C7-A831-64EF68C6F28D}.Debug|Any CPU.Build.0 = Debug|Any CPU
		{B3E76AAA-3BE8-49C7-A831-64EF68C6F28D}.Release|Any CPU.ActiveCfg = Release|Any CPU
		{B3E76AAA-3BE8-49C7-A831-64EF68C6F28D}.Release|Any CPU.Build.0 = Release|Any CPU
		{C7008ACC-EE4B-49CC-B7FB-5F9F95E257A9}.Debug|Any CPU.ActiveCfg = Debug|Any CPU
		{C7008ACC-EE4B-49CC-B7FB-5F9F95E257A9}.Debug|Any CPU.Build.0 = Debug|Any CPU
		{C7008ACC-EE4B-49CC-B7FB-5F9F95E257A9}.Release|Any CPU.ActiveCfg = Release|Any CPU
		{C7008ACC-EE4B-49CC-B7FB-5F9F95E257A9}.Release|Any CPU.Build.0 = Release|Any CPU
		{6D18F93D-E26F-4FF4-ABF2-1450FD9FB19D}.Debug|Any CPU.ActiveCfg = Debug|Any CPU
		{6D18F93D-E26F-4FF4-ABF2-1450FD9FB19D}.Debug|Any CPU.Build.0 = Debug|Any CPU
		{6D18F93D-E26F-4FF4-ABF2-1450FD9FB19D}.Release|Any CPU.ActiveCfg = Release|Any CPU
		{6D18F93D-E26F-4FF4-ABF2-1450FD9FB19D}.Release|Any CPU.Build.0 = Release|Any CPU
		{9B69E0D2-FBD5-4FB4-9D40-768AE4F57300}.Debug|Any CPU.ActiveCfg = Debug|Any CPU
		{9B69E0D2-FBD5-4FB4-9D40-768AE4F57300}.Debug|Any CPU.Build.0 = Debug|Any CPU
		{9B69E0D2-FBD5-4FB4-9D40-768AE4F57300}.Release|Any CPU.ActiveCfg = Release|Any CPU
		{9B69E0D2-FBD5-4FB4-9D40-768AE4F57300}.Release|Any CPU.Build.0 = Release|Any CPU
		{9E08496B-2501-4CBF-844F-8FD7BA97F4E6}.Debug|Any CPU.ActiveCfg = Debug|Any CPU
		{9E08496B-2501-4CBF-844F-8FD7BA97F4E6}.Debug|Any CPU.Build.0 = Debug|Any CPU
		{9E08496B-2501-4CBF-844F-8FD7BA97F4E6}.Release|Any CPU.ActiveCfg = Release|Any CPU
		{9E08496B-2501-4CBF-844F-8FD7BA97F4E6}.Release|Any CPU.Build.0 = Release|Any CPU
		{EFCB1B91-2E92-478F-BFF7-013FF6911DCC}.Debug|Any CPU.ActiveCfg = Debug|Any CPU
		{EFCB1B91-2E92-478F-BFF7-013FF6911DCC}.Debug|Any CPU.Build.0 = Debug|Any CPU
		{EFCB1B91-2E92-478F-BFF7-013FF6911DCC}.Release|Any CPU.ActiveCfg = Release|Any CPU
		{EFCB1B91-2E92-478F-BFF7-013FF6911DCC}.Release|Any CPU.Build.0 = Release|Any CPU
		{89051A0E-8D18-48C3-B4E6-D05F62D252CE}.Debug|Any CPU.ActiveCfg = Debug|Any CPU
		{89051A0E-8D18-48C3-B4E6-D05F62D252CE}.Debug|Any CPU.Build.0 = Debug|Any CPU
		{89051A0E-8D18-48C3-B4E6-D05F62D252CE}.Release|Any CPU.ActiveCfg = Release|Any CPU
		{89051A0E-8D18-48C3-B4E6-D05F62D252CE}.Release|Any CPU.Build.0 = Release|Any CPU
		{C965AA70-0384-4528-BEE5-DDE6283431A2}.Debug|Any CPU.ActiveCfg = Debug|Any CPU
		{C965AA70-0384-4528-BEE5-DDE6283431A2}.Debug|Any CPU.Build.0 = Debug|Any CPU
		{C965AA70-0384-4528-BEE5-DDE6283431A2}.Release|Any CPU.ActiveCfg = Release|Any CPU
		{C965AA70-0384-4528-BEE5-DDE6283431A2}.Release|Any CPU.Build.0 = Release|Any CPU
		{CA9FED8F-6031-4020-ACD8-2965366B2421}.Debug|Any CPU.ActiveCfg = Debug|Any CPU
		{CA9FED8F-6031-4020-ACD8-2965366B2421}.Debug|Any CPU.Build.0 = Debug|Any CPU
		{CA9FED8F-6031-4020-ACD8-2965366B2421}.Release|Any CPU.ActiveCfg = Release|Any CPU
		{CA9FED8F-6031-4020-ACD8-2965366B2421}.Release|Any CPU.Build.0 = Release|Any CPU
		{4D104103-A777-4CF3-A1BF-384798999814}.Debug|Any CPU.ActiveCfg = Debug|Any CPU
		{4D104103-A777-4CF3-A1BF-384798999814}.Debug|Any CPU.Build.0 = Debug|Any CPU
		{4D104103-A777-4CF3-A1BF-384798999814}.Release|Any CPU.ActiveCfg = Release|Any CPU
		{4D104103-A777-4CF3-A1BF-384798999814}.Release|Any CPU.Build.0 = Release|Any CPU
		{998094BC-D414-43DE-BF6D-1D8A6CDADE63}.Debug|Any CPU.ActiveCfg = Debug|Any CPU
		{998094BC-D414-43DE-BF6D-1D8A6CDADE63}.Debug|Any CPU.Build.0 = Debug|Any CPU
		{998094BC-D414-43DE-BF6D-1D8A6CDADE63}.Release|Any CPU.ActiveCfg = Release|Any CPU
		{998094BC-D414-43DE-BF6D-1D8A6CDADE63}.Release|Any CPU.Build.0 = Release|Any CPU
		{9277903C-7FDC-4F14-A7D6-5D3E1A346272}.Debug|Any CPU.ActiveCfg = Debug|Any CPU
		{9277903C-7FDC-4F14-A7D6-5D3E1A346272}.Debug|Any CPU.Build.0 = Debug|Any CPU
		{9277903C-7FDC-4F14-A7D6-5D3E1A346272}.Release|Any CPU.ActiveCfg = Release|Any CPU
		{9277903C-7FDC-4F14-A7D6-5D3E1A346272}.Release|Any CPU.Build.0 = Release|Any CPU
		{FFB01D8D-F482-489A-9264-A59A60E51EB3}.Debug|Any CPU.ActiveCfg = Debug|Any CPU
		{FFB01D8D-F482-489A-9264-A59A60E51EB3}.Debug|Any CPU.Build.0 = Debug|Any CPU
		{FFB01D8D-F482-489A-9264-A59A60E51EB3}.Release|Any CPU.ActiveCfg = Release|Any CPU
		{FFB01D8D-F482-489A-9264-A59A60E51EB3}.Release|Any CPU.Build.0 = Release|Any CPU
		{4CDD0445-EB0C-4E69-A79A-F83140174276}.Debug|Any CPU.ActiveCfg = Debug|Any CPU
		{4CDD0445-EB0C-4E69-A79A-F83140174276}.Debug|Any CPU.Build.0 = Debug|Any CPU
		{4CDD0445-EB0C-4E69-A79A-F83140174276}.Release|Any CPU.ActiveCfg = Release|Any CPU
		{4CDD0445-EB0C-4E69-A79A-F83140174276}.Release|Any CPU.Build.0 = Release|Any CPU
		{C67A42DF-8D24-4BEA-8AA8-8DB40D26FEA0}.Debug|Any CPU.ActiveCfg = Debug|Any CPU
		{C67A42DF-8D24-4BEA-8AA8-8DB40D26FEA0}.Debug|Any CPU.Build.0 = Debug|Any CPU
		{C67A42DF-8D24-4BEA-8AA8-8DB40D26FEA0}.Release|Any CPU.ActiveCfg = Release|Any CPU
		{C67A42DF-8D24-4BEA-8AA8-8DB40D26FEA0}.Release|Any CPU.Build.0 = Release|Any CPU
	EndGlobalSection
	GlobalSection(SolutionProperties) = preSolution
		HideSolutionNode = FALSE
	EndGlobalSection
	GlobalSection(ExtensibilityGlobals) = postSolution
		SolutionGuid = {70D16E5A-E096-4424-832A-574B39093FB0}
	EndGlobalSection
EndGlobal
